
Microsoft Visual Studio Solution File, Format Version 12.00
# Visual Studio Version 17
VisualStudioVersion = 17.5.33516.290
MinimumVisualStudioVersion = 10.0.40219.1
Project("{9A19103F-16F7-4668-BE54-9A1E7A4F7556}") = "AppAboutMoney_Product", "AppAboutMoney_Product\AppAboutMoney_Product.csproj", "{F6E76CB3-7CA1-4008-ACFB-68D168547B7C}"
EndProject
Project("{FAE04EC0-301F-11D3-BF4B-00C04F79EFBC}") = "ClassLibrary", "ClassLibrary\ClassLibrary.csproj", "{52F7EA3A-871A-4009-BF01-E02B5FCE327B}"
EndProject
Global
	GlobalSection(SolutionConfigurationPlatforms) = preSolution
		Debug|Any CPU = Debug|Any CPU
		Release|Any CPU = Release|Any CPU
	EndGlobalSection
	GlobalSection(ProjectConfigurationPlatforms) = postSolution
		{F6E76CB3-7CA1-4008-ACFB-68D168547B7C}.Debug|Any CPU.ActiveCfg = Debug|Any CPU
		{F6E76CB3-7CA1-4008-ACFB-68D168547B7C}.Debug|Any CPU.Build.0 = Debug|Any CPU
		{F6E76CB3-7CA1-4008-ACFB-68D168547B7C}.Release|Any CPU.ActiveCfg = Release|Any CPU
		{F6E76CB3-7CA1-4008-ACFB-68D168547B7C}.Release|Any CPU.Build.0 = Release|Any CPU
		{52F7EA3A-871A-4009-BF01-E02B5FCE327B}.Debug|Any CPU.ActiveCfg = Debug|Any CPU
		{52F7EA3A-871A-4009-BF01-E02B5FCE327B}.Debug|Any CPU.Build.0 = Debug|Any CPU
		{52F7EA3A-871A-4009-BF01-E02B5FCE327B}.Release|Any CPU.ActiveCfg = Release|Any CPU
		{52F7EA3A-871A-4009-BF01-E02B5FCE327B}.Release|Any CPU.Build.0 = Release|Any CPU
	EndGlobalSection
	GlobalSection(SolutionProperties) = preSolution
		HideSolutionNode = FALSE
	EndGlobalSection
	GlobalSection(ExtensibilityGlobals) = postSolution
		SolutionGuid = {DAA319BC-A755-4446-B620-D72E4920BD02}
	EndGlobalSection
EndGlobal
